
Microsoft Visual Studio Solution File, Format Version 12.00
# Visual Studio Version 17
VisualStudioVersion = 17.7.34024.191
MinimumVisualStudioVersion = 10.0.40219.1
Project("{FAE04EC0-301F-11D3-BF4B-00C04F79EFBC}") = "MVVM_implementacion_JAMB.Android", "MVVM_implementacion_JAMB\MVVM_implementacion_JAMB.Android\MVVM_implementacion_JAMB.Android.csproj", "{767B7B20-27DE-4A4D-8F32-B5A32B932FA8}"
EndProject
Project("{FAE04EC0-301F-11D3-BF4B-00C04F79EFBC}") = "MVVM_implementacion_JAMB.iOS", "MVVM_implementacion_JAMB\MVVM_implementacion_JAMB.iOS\MVVM_implementacion_JAMB.iOS.csproj", "{E1C82BAB-48B3-46FB-AE2D-15F858D377F7}"
EndProject
Project("{FAE04EC0-301F-11D3-BF4B-00C04F79EFBC}") = "MVVM_implementacion_JAMB", "MVVM_implementacion_JAMB\MVVM_implementacion_JAMB\MVVM_implementacion_JAMB.csproj", "{90717EDA-1623-4BD7-8A0D-215810A7839B}"
EndProject
Global
	GlobalSection(SolutionConfigurationPlatforms) = preSolution
		Debug|Any CPU = Debug|Any CPU
		Debug|iPhone = Debug|iPhone
		Debug|iPhoneSimulator = Debug|iPhoneSimulator
		Release|Any CPU = Release|Any CPU
		Release|iPhone = Release|iPhone
		Release|iPhoneSimulator = Release|iPhoneSimulator
	EndGlobalSection
	GlobalSection(ProjectConfigurationPlatforms) = postSolution
		{767B7B20-27DE-4A4D-8F32-B5A32B932FA8}.Debug|Any CPU.ActiveCfg = Debug|Any CPU
		{767B7B20-27DE-4A4D-8F32-B5A32B932FA8}.Debug|Any CPU.Build.0 = Debug|Any CPU
		{767B7B20-27DE-4A4D-8F32-B5A32B932FA8}.Debug|Any CPU.Deploy.0 = Debug|Any CPU
		{767B7B20-27DE-4A4D-8F32-B5A32B932FA8}.Debug|iPhone.ActiveCfg = Debug|Any CPU
		{767B7B20-27DE-4A4D-8F32-B5A32B932FA8}.Debug|iPhone.Build.0 = Debug|Any CPU
		{767B7B20-27DE-4A4D-8F32-B5A32B932FA8}.Debug|iPhone.Deploy.0 = Debug|Any CPU
		{767B7B20-27DE-4A4D-8F32-B5A32B932FA8}.Debug|iPhoneSimulator.ActiveCfg = Debug|Any CPU
		{767B7B20-27DE-4A4D-8F32-B5A32B932FA8}.Debug|iPhoneSimulator.Build.0 = Debug|Any CPU
		{767B7B20-27DE-4A4D-8F32-B5A32B932FA8}.Debug|iPhoneSimulator.Deploy.0 = Debug|Any CPU
		{767B7B20-27DE-4A4D-8F32-B5A32B932FA8}.Release|Any CPU.ActiveCfg = Release|Any CPU
		{767B7B20-27DE-4A4D-8F32-B5A32B932FA8}.Release|Any CPU.Build.0 = Release|Any CPU
		{767B7B20-27DE-4A4D-8F32-B5A32B932FA8}.Release|Any CPU.Deploy.0 = Release|Any CPU
		{767B7B20-27DE-4A4D-8F32-B5A32B932FA8}.Release|iPhone.ActiveCfg = Release|Any CPU
		{767B7B20-27DE-4A4D-8F32-B5A32B932FA8}.Release|iPhone.Build.0 = Release|Any CPU
		{767B7B20-27DE-4A4D-8F32-B5A32B932FA8}.Release|iPhone.Deploy.0 = Release|Any CPU
		{767B7B20-27DE-4A4D-8F32-B5A32B932FA8}.Release|iPhoneSimulator.ActiveCfg = Release|Any CPU
		{767B7B20-27DE-4A4D-8F32-B5A32B932FA8}.Release|iPhoneSimulator.Build.0 = Release|Any CPU
		{767B7B20-27DE-4A4D-8F32-B5A32B932FA8}.Release|iPhoneSimulator.Deploy.0 = Release|Any CPU
		{E1C82BAB-48B3-46FB-AE2D-15F858D377F7}.Debug|Any CPU.ActiveCfg = Debug|iPhone
		{E1C82BAB-48B3-46FB-AE2D-15F858D377F7}.Debug|Any CPU.Build.0 = Debug|iPhone
		{E1C82BAB-48B3-46FB-AE2D-15F858D377F7}.Debug|Any CPU.Deploy.0 = Debug|iPhone
		{E1C82BAB-48B3-46FB-AE2D-15F858D377F7}.Debug|iPhone.ActiveCfg = Debug|iPhone
		{E1C82BAB-48B3-46FB-AE2D-15F858D377F7}.Debug|iPhone.Build.0 = Debug|iPhone
		{E1C82BAB-48B3-46FB-AE2D-15F858D377F7}.Debug|iPhone.Deploy.0 = Debug|iPhone
		{E1C82BAB-48B3-46FB-AE2D-15F858D377F7}.Debug|iPhoneSimulator.ActiveCfg = Debug|iPhoneSimulator
		{E1C82BAB-48B3-46FB-AE2D-15F858D377F7}.Debug|iPhoneSimulator.Build.0 = Debug|iPhoneSimulator
		{E1C82BAB-48B3-46FB-AE2D-15F858D377F7}.Debug|iPhoneSimulator.Deploy.0 = Debug|iPhoneSimulator
		{E1C82BAB-48B3-46FB-AE2D-15F858D377F7}.Release|Any CPU.ActiveCfg = Release|iPhoneSimulator
		{E1C82BAB-48B3-46FB-AE2D-15F858D377F7}.Release|Any CPU.Build.0 = Release|iPhoneSimulator
		{E1C82BAB-48B3-46FB-AE2D-15F858D377F7}.Release|Any CPU.Deploy.0 = Release|iPhoneSimulator
		{E1C82BAB-48B3-46FB-AE2D-15F858D377F7}.Release|iPhone.ActiveCfg = Release|iPhone
		{E1C82BAB-48B3-46FB-AE2D-15F858D377F7}.Release|iPhone.Build.0 = Release|iPhone
		{E1C82BAB-48B3-46FB-AE2D-15F858D377F7}.Release|iPhone.Deploy.0 = Release|iPhone
		{E1C82BAB-48B3-46FB-AE2D-15F858D377F7}.Release|iPhoneSimulator.ActiveCfg = Release|iPhoneSimulator
		{E1C82BAB-48B3-46FB-AE2D-15F858D377F7}.Release|iPhoneSimulator.Build.0 = Release|iPhoneSimulator
		{E1C82BAB-48B3-46FB-AE2D-15F858D377F7}.Release|iPhoneSimulator.Deploy.0 = Release|iPhoneSimulator
		{90717EDA-1623-4BD7-8A0D-215810A7839B}.Debug|Any CPU.ActiveCfg = Debug|Any CPU
		{90717EDA-1623-4BD7-8A0D-215810A7839B}.Debug|Any CPU.Build.0 = Debug|Any CPU
		{90717EDA-1623-4BD7-8A0D-215810A7839B}.Debug|Any CPU.Deploy.0 = Debug|Any CPU
		{90717EDA-1623-4BD7-8A0D-215810A7839B}.Debug|iPhone.ActiveCfg = Debug|Any CPU
		{90717EDA-1623-4BD7-8A0D-215810A7839B}.Debug|iPhone.Build.0 = Debug|Any CPU
		{90717EDA-1623-4BD7-8A0D-215810A7839B}.Debug|iPhone.Deploy.0 = Debug|Any CPU
		{90717EDA-1623-4BD7-8A0D-215810A7839B}.Debug|iPhoneSimulator.ActiveCfg = Debug|Any CPU
		{90717EDA-1623-4BD7-8A0D-215810A7839B}.Debug|iPhoneSimulator.Build.0 = Debug|Any CPU
		{90717EDA-1623-4BD7-8A0D-215810A7839B}.Debug|iPhoneSimulator.Deploy.0 = Debug|Any CPU
		{90717EDA-1623-4BD7-8A0D-215810A7839B}.Release|Any CPU.ActiveCfg = Release|Any CPU
		{90717EDA-1623-4BD7-8A0D-215810A7839B}.Release|Any CPU.Build.0 = Release|Any CPU
		{90717EDA-1623-4BD7-8A0D-215810A7839B}.Release|Any CPU.Deploy.0 = Release|Any CPU
		{90717EDA-1623-4BD7-8A0D-215810A7839B}.Release|iPhone.ActiveCfg = Release|Any CPU
		{90717EDA-1623-4BD7-8A0D-215810A7839B}.Release|iPhone.Build.0 = Release|Any CPU
		{90717EDA-1623-4BD7-8A0D-215810A7839B}.Release|iPhone.Deploy.0 = Release|Any CPU
		{90717EDA-1623-4BD7-8A0D-215810A7839B}.Release|iPhoneSimulator.ActiveCfg = Release|Any CPU
		{90717EDA-1623-4BD7-8A0D-215810A7839B}.Release|iPhoneSimulator.Build.0 = Release|Any CPU
		{90717EDA-1623-4BD7-8A0D-215810A7839B}.Release|iPhoneSimulator.Deploy.0 = Release|Any CPU
	EndGlobalSection
	GlobalSection(SolutionProperties) = preSolution
		HideSolutionNode = FALSE
	EndGlobalSection
	GlobalSection(ExtensibilityGlobals) = postSolution
		SolutionGuid = {0DC82606-6D49-4542-993B-54DAAC31FDBD}
	EndGlobalSection
EndGlobal
